
Microsoft Visual Studio Solution File, Format Version 12.00
# Visual Studio 15
Project("{FAE04EC0-301F-11D3-BF4B-00C04F79EFBC}") = "Assembly-CSharp", "Assembly-CSharp.csproj", "{D167DDFC-6E38-B1F4-ED4B-2E94C2B8211A}"
EndProject
Global
	GlobalSection(SolutionConfigurationPlatforms) = preSolution
		Debug|Any CPU = Debug|Any CPU
		Release|Any CPU = Release|Any CPU
	EndGlobalSection
	GlobalSection(ProjectConfigurationPlatforms) = postSolution
		{D167DDFC-6E38-B1F4-ED4B-2E94C2B8211A}.Debug|Any CPU.ActiveCfg = Debug|Any CPU
		{D167DDFC-6E38-B1F4-ED4B-2E94C2B8211A}.Debug|Any CPU.Build.0 = Debug|Any CPU
		{D167DDFC-6E38-B1F4-ED4B-2E94C2B8211A}.Release|Any CPU.ActiveCfg = Release|Any CPU
		{D167DDFC-6E38-B1F4-ED4B-2E94C2B8211A}.Release|Any CPU.Build.0 = Release|Any CPU
	EndGlobalSection
	GlobalSection(SolutionProperties) = preSolution
		HideSolutionNode = FALSE
	EndGlobalSection
EndGlobal
